
Microsoft Visual Studio Solution File, Format Version 12.00
# Visual Studio Version 17
VisualStudioVersion = 17.4.33205.214
MinimumVisualStudioVersion = 10.0.40219.1
Project("{FAE04EC0-301F-11D3-BF4B-00C04F79EFBC}") = "task4-26.12.2022-", "task4-26.12.2022-\task4-26.12.2022-.csproj", "{839B5F61-55EB-4806-B946-1E26B15B6D17}"
EndProject
Global
	GlobalSection(SolutionConfigurationPlatforms) = preSolution
		Debug|Any CPU = Debug|Any CPU
		Release|Any CPU = Release|Any CPU
	EndGlobalSection
	GlobalSection(ProjectConfigurationPlatforms) = postSolution
		{839B5F61-55EB-4806-B946-1E26B15B6D17}.Debug|Any CPU.ActiveCfg = Debug|Any CPU
		{839B5F61-55EB-4806-B946-1E26B15B6D17}.Debug|Any CPU.Build.0 = Debug|Any CPU
		{839B5F61-55EB-4806-B946-1E26B15B6D17}.Release|Any CPU.ActiveCfg = Release|Any CPU
		{839B5F61-55EB-4806-B946-1E26B15B6D17}.Release|Any CPU.Build.0 = Release|Any CPU
	EndGlobalSection
	GlobalSection(SolutionProperties) = preSolution
		HideSolutionNode = FALSE
	EndGlobalSection
	GlobalSection(ExtensibilityGlobals) = postSolution
		SolutionGuid = {2F0DDAC1-967C-4F25-94EA-E669454674E3}
	EndGlobalSection
EndGlobal
